// !$*UTF8*$!
{
	archiveVersion = 1;
	classes = {
	};
	objectVersion = 46;
	objects = {

/* Begin PBXBuildFile section */
		2ACDE2311AEFB50D00B64B36 /* main.m in Sources */ = {isa = PBXBuildFile; fileRef = 2ACDE2301AEFB50D00B64B36 /* main.m */; };
		2ACDE2341AEFB50D00B64B36 /* AppDelegate.m in Sources */ = {isa = PBXBuildFile; fileRef = 2ACDE2331AEFB50D00B64B36 /* AppDelegate.m */; };
		2ACDE2371AEFB50D00B64B36 /* ViewController.m in Sources */ = {isa = PBXBuildFile; fileRef = 2ACDE2361AEFB50D00B64B36 /* ViewController.m */; };
		2ACDE23A1AEFB50D00B64B36 /* Main.storyboard in Resources */ = {isa = PBXBuildFile; fileRef = 2ACDE2381AEFB50D00B64B36 /* Main.storyboard */; };
		2ACDE23C1AEFB50D00B64B36 /* Images.xcassets in Resources */ = {isa = PBXBuildFile; fileRef = 2ACDE23B1AEFB50D00B64B36 /* Images.xcassets */; };
		2ACDE23F1AEFB50D00B64B36 /* LaunchScreen.xib in Resources */ = {isa = PBXBuildFile; fileRef = 2ACDE23D1AEFB50D00B64B36 /* LaunchScreen.xib */; };
		2ACDE24B1AEFB50E00B64B36 /* RecipePhotoAppTests.m in Sources */ = {isa = PBXBuildFile; fileRef = 2ACDE24A1AEFB50E00B64B36 /* RecipePhotoAppTests.m */; };
		2ACDE2561AEFB64E00B64B36 /* RecipeCollectionViewCell.m in Sources */ = {isa = PBXBuildFile; fileRef = 2ACDE2551AEFB64E00B64B36 /* RecipeCollectionViewCell.m */; };
/* End PBXBuildFile section */

/* Begin PBXContainerItemProxy section */
		2ACDE2451AEFB50E00B64B36 /* PBXContainerItemProxy */ = {
			isa = PBXContainerItemProxy;
			containerPortal = 2ACDE2231AEFB50D00B64B36 /* Project object */;
			proxyType = 1;
			remoteGlobalIDString = 2ACDE22A1AEFB50D00B64B36;
			remoteInfo = RecipePhotoApp;
		};
/* End PBXContainerItemProxy section */

/* Begin PBXFileReference section */
		2ACDE22B1AEFB50D00B64B36 /* RecipePhotoApp.app */ = {isa = PBXFileReference; explicitFileType = wrapper.application; includeInIndex = 0; path = RecipePhotoApp.app; sourceTree = BUILT_PRODUCTS_DIR; };
		2ACDE22F1AEFB50D00B64B36 /* Info.plist */ = {isa = PBXFileReference; lastKnownFileType = text.plist.xml; path = Info.plist; sourceTree = "<group>"; };
		2ACDE2301AEFB50D00B64B36 /* main.m */ = {isa = PBXFileReference; lastKnownFileType = sourcecode.c.objc; path = main.m; sourceTree = "<group>"; };
		2ACDE2321AEFB50D00B64B36 /* AppDelegate.h */ = {isa = PBXFileReference; lastKnownFileType = sourcecode.c.h; path = AppDelegate.h; sourceTree = "<group>"; };
		2ACDE2331AEFB50D00B64B36 /* AppDelegate.m */ = {isa = PBXFileReference; lastKnownFileType = sourcecode.c.objc; path = AppDelegate.m; sourceTree = "<group>"; };
		2ACDE2351AEFB50D00B64B36 /* ViewController.h */ = {isa = PBXFileReference; lastKnownFileType = sourcecode.c.h; path = ViewController.h; sourceTree = "<group>"; };
		2ACDE2361AEFB50D00B64B36 /* ViewController.m */ = {isa = PBXFileReference; lastKnownFileType = sourcecode.c.objc; path = ViewController.m; sourceTree = "<group>"; };
		2ACDE2391AEFB50D00B64B36 /* Base */ = {isa = PBXFileReference; lastKnownFileType = file.storyboard; name = Base; path = Base.lproj/Main.storyboard; sourceTree = "<group>"; };
		2ACDE23B1AEFB50D00B64B36 /* Images.xcassets */ = {isa = PBXFileReference; lastKnownFileType = folder.assetcatalog; path = Images.xcassets; sourceTree = "<group>"; };
		2ACDE23E1AEFB50D00B64B36 /* Base */ = {isa = PBXFileReference; lastKnownFileType = file.xib; name = Base; path = Base.lproj/LaunchScreen.xib; sourceTree = "<group>"; };
		2ACDE2441AEFB50E00B64B36 /* RecipePhotoAppTests.xctest */ = {isa = PBXFileReference; explicitFileType = wrapper.cfbundle; includeInIndex = 0; path = RecipePhotoAppTests.xctest; sourceTree = BUILT_PRODUCTS_DIR; };
		2ACDE2491AEFB50E00B64B36 /* Info.plist */ = {isa = PBXFileReference; lastKnownFileType = text.plist.xml; path = Info.plist; sourceTree = "<group>"; };
		2ACDE24A1AEFB50E00B64B36 /* RecipePhotoAppTests.m */ = {isa = PBXFileReference; lastKnownFileType = sourcecode.c.objc; path = RecipePhotoAppTests.m; sourceTree = "<group>"; };
		2ACDE2541AEFB64E00B64B36 /* RecipeCollectionViewCell.h */ = {isa = PBXFileReference; fileEncoding = 4; lastKnownFileType = sourcecode.c.h; path = RecipeCollectionViewCell.h; sourceTree = "<group>"; };
		2ACDE2551AEFB64E00B64B36 /* RecipeCollectionViewCell.m */ = {isa = PBXFileReference; fileEncoding = 4; lastKnownFileType = sourcecode.c.objc; path = RecipeCollectionViewCell.m; sourceTree = "<group>"; };
/* End PBXFileReference section */

/* Begin PBXFrameworksBuildPhase section */
		2ACDE2281AEFB50D00B64B36 /* Frameworks */ = {
			isa = PBXFrameworksBuildPhase;
			buildActionMask = 2147483647;
			files = (
			);
			runOnlyForDeploymentPostprocessing = 0;
		};
		2ACDE2411AEFB50E00B64B36 /* Frameworks */ = {
			isa = PBXFrameworksBuildPhase;
			buildActionMask = 2147483647;
			files = (
			);
			runOnlyForDeploymentPostprocessing = 0;
		};
/* End PBXFrameworksBuildPhase section */

/* Begin PBXGroup section */
		2ACDE2221AEFB50D00B64B36 = {
			isa = PBXGroup;
			children = (
				2ACDE22D1AEFB50D00B64B36 /* RecipePhotoApp */,
				2ACDE2471AEFB50E00B64B36 /* RecipePhotoAppTests */,
				2ACDE22C1AEFB50D00B64B36 /* Products */,
			);
			sourceTree = "<group>";
		};
		2ACDE22C1AEFB50D00B64B36 /* Products */ = {
			isa = PBXGroup;
			children = (
				2ACDE22B1AEFB50D00B64B36 /* RecipePhotoApp.app */,
				2ACDE2441AEFB50E00B64B36 /* RecipePhotoAppTests.xctest */,
			);
			name = Products;
			sourceTree = "<group>";
		};
		2ACDE22D1AEFB50D00B64B36 /* RecipePhotoApp */ = {
			isa = PBXGroup;
			children = (
				2ACDE2321AEFB50D00B64B36 /* AppDelegate.h */,
				2ACDE2331AEFB50D00B64B36 /* AppDelegate.m */,
				2ACDE2351AEFB50D00B64B36 /* ViewController.h */,
				2ACDE2361AEFB50D00B64B36 /* ViewController.m */,
				2ACDE2381AEFB50D00B64B36 /* Main.storyboard */,
				2ACDE23B1AEFB50D00B64B36 /* Images.xcassets */,
				2ACDE23D1AEFB50D00B64B36 /* LaunchScreen.xib */,
				2ACDE22E1AEFB50D00B64B36 /* Supporting Files */,
				2ACDE2541AEFB64E00B64B36 /* RecipeCollectionViewCell.h */,
				2ACDE2551AEFB64E00B64B36 /* RecipeCollectionViewCell.m */,
			);
			path = RecipePhotoApp;
			sourceTree = "<group>";
		};
		2ACDE22E1AEFB50D00B64B36 /* Supporting Files */ = {
			isa = PBXGroup;
			children = (
				2ACDE22F1AEFB50D00B64B36 /* Info.plist */,
				2ACDE2301AEFB50D00B64B36 /* main.m */,
			);
			name = "Supporting Files";
			sourceTree = "<group>";
		};
		2ACDE2471AEFB50E00B64B36 /* RecipePhotoAppTests */ = {
			isa = PBXGroup;
			children = (
				2ACDE24A1AEFB50E00B64B36 /* RecipePhotoAppTests.m */,
				2ACDE2481AEFB50E00B64B36 /* Supporting Files */,
			);
			path = RecipePhotoAppTests;
			sourceTree = "<group>";
		};
		2ACDE2481AEFB50E00B64B36 /* Supporting Files */ = {
			isa = PBXGroup;
			children = (
				2ACDE2491AEFB50E00B64B36 /* Info.plist */,
			);
			name = "Supporting Files";
			sourceTree = "<group>";
		};
/* End PBXGroup section */

/* Begin PBXNativeTarget section */
		2ACDE22A1AEFB50D00B64B36 /* RecipePhotoApp */ = {
			isa = PBXNativeTarget;
			buildConfigurationList = 2ACDE24E1AEFB50E00B64B36 /* Build configuration list for PBXNativeTarget "RecipePhotoApp" */;
			buildPhases = (
				2ACDE2271AEFB50D00B64B36 /* Sources */,
				2ACDE2281AEFB50D00B64B36 /* Frameworks */,
				2ACDE2291AEFB50D00B64B36 /* Resources */,
			);
			buildRules = (
			);
			dependencies = (
			);
			name = RecipePhotoApp;
			productName = RecipePhotoApp;
			productReference = 2ACDE22B1AEFB50D00B64B36 /* RecipePhotoApp.app */;
			productType = "com.apple.product-type.application";
		};
		2ACDE2431AEFB50E00B64B36 /* RecipePhotoAppTests */ = {
			isa = PBXNativeTarget;
			buildConfigurationList = 2ACDE2511AEFB50E00B64B36 /* Build configuration list for PBXNativeTarget "RecipePhotoAppTests" */;
			buildPhases = (
				2ACDE2401AEFB50E00B64B36 /* Sources */,
				2ACDE2411AEFB50E00B64B36 /* Frameworks */,
				2ACDE2421AEFB50E00B64B36 /* Resources */,
			);
			buildRules = (
			);
			dependencies = (
				2ACDE2461AEFB50E00B64B36 /* PBXTargetDependency */,
			);
			name = RecipePhotoAppTests;
			productName = RecipePhotoAppTests;
			productReference = 2ACDE2441AEFB50E00B64B36 /* RecipePhotoAppTests.xctest */;
			productType = "com.apple.product-type.bundle.unit-test";
		};
/* End PBXNativeTarget section */

/* Begin PBXProject section */
		2ACDE2231AEFB50D00B64B36 /* Project object */ = {
			isa = PBXProject;
			attributes = {
				LastUpgradeCheck = 0630;
				ORGANIZATIONNAME = ProjectDGW;
				TargetAttributes = {
					2ACDE22A1AEFB50D00B64B36 = {
						CreatedOnToolsVersion = 6.3;
					};
					2ACDE2431AEFB50E00B64B36 = {
						CreatedOnToolsVersion = 6.3;
						TestTargetID = 2ACDE22A1AEFB50D00B64B36;
					};
				};
			};
			buildConfigurationList = 2ACDE2261AEFB50D00B64B36 /* Build configuration list for PBXProject "RecipePhotoApp" */;
			compatibilityVersion = "Xcode 3.2";
			developmentRegion = English;
			hasScannedForEncodings = 0;
			knownRegions = (
				en,
				Base,
			);
			mainGroup = 2ACDE2221AEFB50D00B64B36;
			productRefGroup = 2ACDE22C1AEFB50D00B64B36 /* Products */;
			projectDirPath = "";
			projectRoot = "";
			targets = (
				2ACDE22A1AEFB50D00B64B36 /* RecipePhotoApp */,
				2ACDE2431AEFB50E00B64B36 /* RecipePhotoAppTests */,
			);
		};
/* End PBXProject section */

/* Begin PBXResourcesBuildPhase section */
		2ACDE2291AEFB50D00B64B36 /* Resources */ = {
			isa = PBXResourcesBuildPhase;
			buildActionMask = 2147483647;
			files = (
				2ACDE23A1AEFB50D00B64B36 /* Main.storyboard in Resources */,
				2ACDE23F1AEFB50D00B64B36 /* LaunchScreen.xib in Resources */,
				2ACDE23C1AEFB50D00B64B36 /* Images.xcassets in Resources */,
			);
			runOnlyForDeploymentPostprocessing = 0;
		};
		2ACDE2421AEFB50E00B64B36 /* Resources */ = {
			isa = PBXResourcesBuildPhase;
			buildActionMask = 2147483647;
			files = (
			);
			runOnlyForDeploymentPostprocessing = 0;
		};
/* End PBXResourcesBuildPhase section */

/* Begin PBXSourcesBuildPhase section */
		2ACDE2271AEFB50D00B64B36 /* Sources */ = {
			isa = PBXSourcesBuildPhase;
			buildActionMask = 2147483647;
			files = (
				2ACDE2561AEFB64E00B64B36 /* RecipeCollectionViewCell.m in Sources */,
				2ACDE2371AEFB50D00B64B36 /* ViewController.m in Sources */,
				2ACDE2341AEFB50D00B64B36 /* AppDelegate.m in Sources */,
				2ACDE2311AEFB50D00B64B36 /* main.m in Sources */,
			);
			runOnlyForDeploymentPostprocessing = 0;
		};
		2ACDE2401AEFB50E00B64B36 /* Sources */ = {
			isa = PBXSourcesBuildPhase;
			buildActionMask = 2147483647;
			files = (
				2ACDE24B1AEFB50E00B64B36 /* RecipePhotoAppTests.m in Sources */,
			);
			runOnlyForDeploymentPostprocessing = 0;
		};
/* End PBXSourcesBuildPhase section */

/* Begin PBXTargetDependency section */
		2ACDE2461AEFB50E00B64B36 /* PBXTargetDependency */ = {
			isa = PBXTargetDependency;
			target = 2ACDE22A1AEFB50D00B64B36 /* RecipePhotoApp */;
			targetProxy = 2ACDE2451AEFB50E00B64B36 /* PBXContainerItemProxy */;
		};
/* End PBXTargetDependency section */

/* Begin PBXVariantGroup section */
		2ACDE2381AEFB50D00B64B36 /* Main.storyboard */ = {
			isa = PBXVariantGroup;
			children = (
				2ACDE2391AEFB50D00B64B36 /* Base */,
			);
			name = Main.storyboard;
			sourceTree = "<group>";
		};
		2ACDE23D1AEFB50D00B64B36 /* LaunchScreen.xib */ = {
			isa = PBXVariantGroup;
			children = (
				2ACDE23E1AEFB50D00B64B36 /* Base */,
			);
			name = LaunchScreen.xib;
			sourceTree = "<group>";
		};
/* End PBXVariantGroup section */

/* Begin XCBuildConfiguration section */
		2ACDE24C1AEFB50E00B64B36 /* Debug */ = {
			isa = XCBuildConfiguration;
			buildSettings = {
				ALWAYS_SEARCH_USER_PATHS = NO;
				CLANG_CXX_LANGUAGE_STANDARD = "gnu++0x";
				CLANG_CXX_LIBRARY = "libc++";
				CLANG_ENABLE_MODULES = YES;
				CLANG_ENABLE_OBJC_ARC = YES;
				CLANG_WARN_BOOL_CONVERSION = YES;
				CLANG_WARN_CONSTANT_CONVERSION = YES;
				CLANG_WARN_DIRECT_OBJC_ISA_USAGE = YES_ERROR;
				CLANG_WARN_EMPTY_BODY = YES;
				CLANG_WARN_ENUM_CONVERSION = YES;
				CLANG_WARN_INT_CONVERSION = YES;
				CLANG_WARN_OBJC_ROOT_CLASS = YES_ERROR;
				CLANG_WARN_UNREACHABLE_CODE = YES;
				CLANG_WARN__DUPLICATE_METHOD_MATCH = YES;
				"CODE_SIGN_IDENTITY[sdk=iphoneos*]" = "iPhone Developer";
				COPY_PHASE_STRIP = NO;
				DEBUG_INFORMATION_FORMAT = "dwarf-with-dsym";
				ENABLE_STRICT_OBJC_MSGSEND = YES;
				GCC_C_LANGUAGE_STANDARD = gnu99;
				GCC_DYNAMIC_NO_PIC = NO;
				GCC_NO_COMMON_BLOCKS = YES;
				GCC_OPTIMIZATION_LEVEL = 0;
				GCC_PREPROCESSOR_DEFINITIONS = (
					"DEBUG=1",
					"$(inherited)",
				);
				GCC_SYMBOLS_PRIVATE_EXTERN = NO;
				GCC_WARN_64_TO_32_BIT_CONVERSION = YES;
				GCC_WARN_ABOUT_RETURN_TYPE = YES_ERROR;
				GCC_WARN_UNDECLARED_SELECTOR = YES;
				GCC_WARN_UNINITIALIZED_AUTOS = YES_AGGRESSIVE;
				GCC_WARN_UNUSED_FUNCTION = YES;
				GCC_WARN_UNUSED_VARIABLE = YES;
				IPHONEOS_DEPLOYMENT_TARGET = 8.3;
				MTL_ENABLE_DEBUG_INFO = YES;
				ONLY_ACTIVE_ARCH = YES;
				SDKROOT = iphoneos;
			};
			name = Debug;
		};
		2ACDE24D1AEFB50E00B64B36 /* Release */ = {
			isa = XCBuildConfiguration;
			buildSettings = {
				ALWAYS_SEARCH_USER_PATHS = NO;
				CLANG_CXX_LANGUAGE_STANDARD = "gnu++0x";
				CLANG_CXX_LIBRARY = "libc++";
				CLANG_ENABLE_MODULES = YES;
				CLANG_ENABLE_OBJC_ARC = YES;
				CLANG_WARN_BOOL_CONVERSION = YES;
				CLANG_WARN_CONSTANT_CONVERSION = YES;
				CLANG_WARN_DIRECT_OBJC_ISA_USAGE = YES_ERROR;
				CLANG_WARN_EMPTY_BODY = YES;
				CLANG_WARN_ENUM_CONVERSION = YES;
				CLANG_WARN_INT_CONVERSION = YES;
				CLANG_WARN_OBJC_ROOT_CLASS = YES_ERROR;
				CLANG_WARN_UNREACHABLE_CODE = YES;
				CLANG_WARN__DUPLICATE_METHOD_MATCH = YES;
				"CODE_SIGN_IDENTITY[sdk=iphoneos*]" = "iPhone Developer";
				COPY_PHASE_STRIP = NO;
				DEBUG_INFORMATION_FORMAT = "dwarf-with-dsym";
				ENABLE_NS_ASSERTIONS = NO;
				ENABLE_STRICT_OBJC_MSGSEND = YES;
				GCC_C_LANGUAGE_STANDARD = gnu99;
				GCC_NO_COMMON_BLOCKS = YES;
				GCC_WARN_64_TO_32_BIT_CONVERSION = YES;
				GCC_WARN_ABOUT_RETURN_TYPE = YES_ERROR;
				GCC_WARN_UNDECLARED_SELECTOR = YES;
				GCC_WARN_UNINITIALIZED_AUTOS = YES_AGGRESSIVE;
				GCC_WARN_UNUSED_FUNCTION = YES;
				GCC_WARN_UNUSED_VARIABLE = YES;
				IPHONEOS_DEPLOYMENT_TARGET = 8.3;
				MTL_ENABLE_DEBUG_INFO = NO;
				SDKROOT = iphoneos;
				VALIDATE_PRODUCT = YES;
			};
			name = Release;
		};
		2ACDE24F1AEFB50E00B64B36 /* Debug */ = {
			isa = XCBuildConfiguration;
			buildSettings = {
				ASSETCATALOG_COMPILER_APPICON_NAME = AppIcon;
				INFOPLIST_FILE = RecipePhotoApp/Info.plist;
				LD_RUNPATH_SEARCH_PATHS = "$(inherited) @executable_path/Frameworks";
				PRODUCT_NAME = "$(TARGET_NAME)";
			};
			name = Debug;
		};
		2ACDE2501AEFB50E00B64B36 /* Release */ = {
			isa = XCBuildConfiguration;
			buildSettings = {
				ASSETCATALOG_COMPILER_APPICON_NAME = AppIcon;
				INFOPLIST_FILE = RecipePhotoApp/Info.plist;
				LD_RUNPATH_SEARCH_PATHS = "$(inherited) @executable_path/Frameworks";
				PRODUCT_NAME = "$(TARGET_NAME)";
			};
			name = Release;
		};
		2ACDE2521AEFB50E00B64B36 /* Debug */ = {
			isa = XCBuildConfiguration;
			buildSettings = {
				BUNDLE_LOADER = "$(TEST_HOST)";
				FRAMEWORK_SEARCH_PATHS = (
					"$(SDKROOT)/Developer/Library/Frameworks",
					"$(inherited)",
				);
				GCC_PREPROCESSOR_DEFINITIONS = (
					"DEBUG=1",
					"$(inherited)",
				);
				INFOPLIST_FILE = RecipePhotoAppTests/Info.plist;
				LD_RUNPATH_SEARCH_PATHS = "$(inherited) @executable_path/Frameworks @loader_path/Frameworks";
				PRODUCT_NAME = "$(TARGET_NAME)";
				TEST_HOST = "$(BUILT_PRODUCTS_DIR)/RecipePhotoApp.app/RecipePhotoApp";
			};
			name = Debug;
		};
		2ACDE2531AEFB50E00B64B36 /* Release */ = {
			isa = XCBuildConfiguration;
			buildSettings = {
				BUNDLE_LOADER = "$(TEST_HOST)";
				FRAMEWORK_SEARCH_PATHS = (
					"$(SDKROOT)/Developer/Library/Frameworks",
					"$(inherited)",
				);
				INFOPLIST_FILE = RecipePhotoAppTests/Info.plist;
				LD_RUNPATH_SEARCH_PATHS = "$(inherited) @executable_path/Frameworks @loader_path/Frameworks";
				PRODUCT_NAME = "$(TARGET_NAME)";
				TEST_HOST = "$(BUILT_PRODUCTS_DIR)/RecipePhotoApp.app/RecipePhotoApp";
			};
			name = Release;
		};
/* End XCBuildConfiguration section */

/* Begin XCConfigurationList section */
		2ACDE2261AEFB50D00B64B36 /* Build configuration list for PBXProject "RecipePhotoApp" */ = {
			isa = XCConfigurationList;
			buildConfigurations = (
				2ACDE24C1AEFB50E00B64B36 /* Debug */,
				2ACDE24D1AEFB50E00B64B36 /* Release */,
			);
			defaultConfigurationIsVisible = 0;
			defaultConfigurationName = Release;
		};
		2ACDE24E1AEFB50E00B64B36 /* Build configuration list for PBXNativeTarget "RecipePhotoApp" */ = {
			isa = XCConfigurationList;
			buildConfigurations = (
				2ACDE24F1AEFB50E00B64B36 /* Debug */,
				2ACDE2501AEFB50E00B64B36 /* Release */,
			);
			defaultConfigurationIsVisible = 0;
		};
		2ACDE2511AEFB50E00B64B36 /* Build configuration list for PBXNativeTarget "RecipePhotoAppTests" */ = {
			isa = XCConfigurationList;
			buildConfigurations = (
				2ACDE2521AEFB50E00B64B36 /* Debug */,
				2ACDE2531AEFB50E00B64B36 /* Release */,
			);
			defaultConfigurationIsVisible = 0;
		};
/* End XCConfigurationList section */
	};
	rootObject = 2ACDE2231AEFB50D00B64B36 /* Project object */;
}
